
Microsoft Visual Studio Solution File, Format Version 12.00
# Visual Studio Version 17
VisualStudioVersion = 17.13.35931.197 d17.13
MinimumVisualStudioVersion = 10.0.40219.1
Project("{FAE04EC0-301F-11D3-BF4B-00C04F79EFBC}") = "MyFinancesAPI", "MyFinancesAPI\MyFinancesAPI.csproj", "{307B5783-0A6A-4FE5-BE03-BEF1E9F28807}"
EndProject
Global
	GlobalSection(SolutionConfigurationPlatforms) = preSolution
		Debug|Any CPU = Debug|Any CPU
		Release|Any CPU = Release|Any CPU
	EndGlobalSection
	GlobalSection(ProjectConfigurationPlatforms) = postSolution
		{307B5783-0A6A-4FE5-BE03-BEF1E9F28807}.Debug|Any CPU.ActiveCfg = Debug|Any CPU
		{307B5783-0A6A-4FE5-BE03-BEF1E9F28807}.Debug|Any CPU.Build.0 = Debug|Any CPU
		{307B5783-0A6A-4FE5-BE03-BEF1E9F28807}.Release|Any CPU.ActiveCfg = Release|Any CPU
		{307B5783-0A6A-4FE5-BE03-BEF1E9F28807}.Release|Any CPU.Build.0 = Release|Any CPU
	EndGlobalSection
	GlobalSection(SolutionProperties) = preSolution
		HideSolutionNode = FALSE
	EndGlobalSection
	GlobalSection(ExtensibilityGlobals) = postSolution
		SolutionGuid = {3A42A4BC-B482-4B38-8BC7-F711A61B552B}
	EndGlobalSection
EndGlobal
